
Microsoft Visual Studio Solution File, Format Version 12.00
# Visual Studio Version 17
VisualStudioVersion = 17.4.33213.308
MinimumVisualStudioVersion = 10.0.40219.1
Project("{FAE04EC0-301F-11D3-BF4B-00C04F79EFBC}") = "JobTrackerAPI", "JobTrackerAPI\JobTrackerAPI.csproj", "{6715E606-EBC9-43EB-9895-41DF0B4357CF}"
EndProject
Global
	GlobalSection(SolutionConfigurationPlatforms) = preSolution
		Debug|Any CPU = Debug|Any CPU
		Release|Any CPU = Release|Any CPU
	EndGlobalSection
	GlobalSection(ProjectConfigurationPlatforms) = postSolution
		{6715E606-EBC9-43EB-9895-41DF0B4357CF}.Debug|Any CPU.ActiveCfg = Debug|Any CPU
		{6715E606-EBC9-43EB-9895-41DF0B4357CF}.Debug|Any CPU.Build.0 = Debug|Any CPU
		{6715E606-EBC9-43EB-9895-41DF0B4357CF}.Release|Any CPU.ActiveCfg = Release|Any CPU
		{6715E606-EBC9-43EB-9895-41DF0B4357CF}.Release|Any CPU.Build.0 = Release|Any CPU
	EndGlobalSection
	GlobalSection(SolutionProperties) = preSolution
		HideSolutionNode = FALSE
	EndGlobalSection
	GlobalSection(ExtensibilityGlobals) = postSolution
		SolutionGuid = {18983562-28D0-4B5B-887D-E51F42E47D17}
	EndGlobalSection
EndGlobal
